// !$*UTF8*$!
{
	archiveVersion = 1;
	classes = {
	};
	objectVersion = 46;
	objects = {

/* Begin PBXBuildFile section */
		F74920391EA20E51007D8B49 /* AppDelegate.swift in Sources */ = {isa = PBXBuildFile; fileRef = F74920381EA20E51007D8B49 /* AppDelegate.swift */; };
		F749203E1EA20E51007D8B49 /* Main.storyboard in Resources */ = {isa = PBXBuildFile; fileRef = F749203C1EA20E51007D8B49 /* Main.storyboard */; };
		F74920401EA20E51007D8B49 /* Assets.xcassets in Resources */ = {isa = PBXBuildFile; fileRef = F749203F1EA20E51007D8B49 /* Assets.xcassets */; };
		F74920431EA20E51007D8B49 /* LaunchScreen.storyboard in Resources */ = {isa = PBXBuildFile; fileRef = F74920411EA20E51007D8B49 /* LaunchScreen.storyboard */; };
		F749204E1EA20E51007D8B49 /* TableViewTests.swift in Sources */ = {isa = PBXBuildFile; fileRef = F749204D1EA20E51007D8B49 /* TableViewTests.swift */; };
		F74920591EA20E51007D8B49 /* TableViewUITests.swift in Sources */ = {isa = PBXBuildFile; fileRef = F74920581EA20E51007D8B49 /* TableViewUITests.swift */; };
		F74920691EA212CA007D8B49 /* FruitViewController.swift in Sources */ = {isa = PBXBuildFile; fileRef = F74920681EA212CA007D8B49 /* FruitViewController.swift */; };
/* End PBXBuildFile section */

/* Begin PBXContainerItemProxy section */
		F749204A1EA20E51007D8B49 /* PBXContainerItemProxy */ = {
			isa = PBXContainerItemProxy;
			containerPortal = F749202D1EA20E51007D8B49 /* Project object */;
			proxyType = 1;
			remoteGlobalIDString = F74920341EA20E51007D8B49;
			remoteInfo = TableView;
		};
		F74920551EA20E51007D8B49 /* PBXContainerItemProxy */ = {
			isa = PBXContainerItemProxy;
			containerPortal = F749202D1EA20E51007D8B49 /* Project object */;
			proxyType = 1;
			remoteGlobalIDString = F74920341EA20E51007D8B49;
			remoteInfo = TableView;
		};
/* End PBXContainerItemProxy section */

/* Begin PBXFileReference section */
		F74920351EA20E51007D8B49 /* TableView.app */ = {isa = PBXFileReference; explicitFileType = wrapper.application; includeInIndex = 0; path = TableView.app; sourceTree = BUILT_PRODUCTS_DIR; };
		F74920381EA20E51007D8B49 /* AppDelegate.swift */ = {isa = PBXFileReference; lastKnownFileType = sourcecode.swift; path = AppDelegate.swift; sourceTree = "<group>"; };
		F749203D1EA20E51007D8B49 /* Base */ = {isa = PBXFileReference; lastKnownFileType = file.storyboard; name = Base; path = Base.lproj/Main.storyboard; sourceTree = "<group>"; };
		F749203F1EA20E51007D8B49 /* Assets.xcassets */ = {isa = PBXFileReference; lastKnownFileType = folder.assetcatalog; path = Assets.xcassets; sourceTree = "<group>"; };
		F74920421EA20E51007D8B49 /* Base */ = {isa = PBXFileReference; lastKnownFileType = file.storyboard; name = Base; path = Base.lproj/LaunchScreen.storyboard; sourceTree = "<group>"; };
		F74920441EA20E51007D8B49 /* Info.plist */ = {isa = PBXFileReference; lastKnownFileType = text.plist.xml; path = Info.plist; sourceTree = "<group>"; };
		F74920491EA20E51007D8B49 /* TableViewTests.xctest */ = {isa = PBXFileReference; explicitFileType = wrapper.cfbundle; includeInIndex = 0; path = TableViewTests.xctest; sourceTree = BUILT_PRODUCTS_DIR; };
		F749204D1EA20E51007D8B49 /* TableViewTests.swift */ = {isa = PBXFileReference; lastKnownFileType = sourcecode.swift; path = TableViewTests.swift; sourceTree = "<group>"; };
		F749204F1EA20E51007D8B49 /* Info.plist */ = {isa = PBXFileReference; lastKnownFileType = text.plist.xml; path = Info.plist; sourceTree = "<group>"; };
		F74920541EA20E51007D8B49 /* TableViewUITests.xctest */ = {isa = PBXFileReference; explicitFileType = wrapper.cfbundle; includeInIndex = 0; path = TableViewUITests.xctest; sourceTree = BUILT_PRODUCTS_DIR; };
		F74920581EA20E51007D8B49 /* TableViewUITests.swift */ = {isa = PBXFileReference; lastKnownFileType = sourcecode.swift; path = TableViewUITests.swift; sourceTree = "<group>"; };
		F749205A1EA20E51007D8B49 /* Info.plist */ = {isa = PBXFileReference; lastKnownFileType = text.plist.xml; path = Info.plist; sourceTree = "<group>"; };
		F74920681EA212CA007D8B49 /* FruitViewController.swift */ = {isa = PBXFileReference; fileEncoding = 4; lastKnownFileType = sourcecode.swift; path = FruitViewController.swift; sourceTree = "<group>"; };
/* End PBXFileReference section */

/* Begin PBXFrameworksBuildPhase section */
		F74920321EA20E51007D8B49 /* Frameworks */ = {
			isa = PBXFrameworksBuildPhase;
			buildActionMask = 2147483647;
			files = (
			);
			runOnlyForDeploymentPostprocessing = 0;
		};
		F74920461EA20E51007D8B49 /* Frameworks */ = {
			isa = PBXFrameworksBuildPhase;
			buildActionMask = 2147483647;
			files = (
			);
			runOnlyForDeploymentPostprocessing = 0;
		};
		F74920511EA20E51007D8B49 /* Frameworks */ = {
			isa = PBXFrameworksBuildPhase;
			buildActionMask = 2147483647;
			files = (
			);
			runOnlyForDeploymentPostprocessing = 0;
		};
/* End PBXFrameworksBuildPhase section */

/* Begin PBXGroup section */
		F749202C1EA20E51007D8B49 = {
			isa = PBXGroup;
			children = (
				F74920371EA20E51007D8B49 /* TableView */,
				F749204C1EA20E51007D8B49 /* TableViewTests */,
				F74920571EA20E51007D8B49 /* TableViewUITests */,
				F74920361EA20E51007D8B49 /* Products */,
			);
			sourceTree = "<group>";
		};
		F74920361EA20E51007D8B49 /* Products */ = {
			isa = PBXGroup;
			children = (
				F74920351EA20E51007D8B49 /* TableView.app */,
				F74920491EA20E51007D8B49 /* TableViewTests.xctest */,
				F74920541EA20E51007D8B49 /* TableViewUITests.xctest */,
			);
			name = Products;
			sourceTree = "<group>";
		};
		F74920371EA20E51007D8B49 /* TableView */ = {
			isa = PBXGroup;
			children = (
				F74920381EA20E51007D8B49 /* AppDelegate.swift */,
				F749203C1EA20E51007D8B49 /* Main.storyboard */,
				F749203F1EA20E51007D8B49 /* Assets.xcassets */,
				F74920411EA20E51007D8B49 /* LaunchScreen.storyboard */,
				F74920441EA20E51007D8B49 /* Info.plist */,
				F74920681EA212CA007D8B49 /* FruitViewController.swift */,
			);
			path = TableView;
			sourceTree = "<group>";
		};
		F749204C1EA20E51007D8B49 /* TableViewTests */ = {
			isa = PBXGroup;
			children = (
				F749204D1EA20E51007D8B49 /* TableViewTests.swift */,
				F749204F1EA20E51007D8B49 /* Info.plist */,
			);
			path = TableViewTests;
			sourceTree = "<group>";
		};
		F74920571EA20E51007D8B49 /* TableViewUITests */ = {
			isa = PBXGroup;
			children = (
				F74920581EA20E51007D8B49 /* TableViewUITests.swift */,
				F749205A1EA20E51007D8B49 /* Info.plist */,
			);
			path = TableViewUITests;
			sourceTree = "<group>";
		};
/* End PBXGroup section */

/* Begin PBXNativeTarget section */
		F74920341EA20E51007D8B49 /* TableView */ = {
			isa = PBXNativeTarget;
			buildConfigurationList = F749205D1EA20E51007D8B49 /* Build configuration list for PBXNativeTarget "TableView" */;
			buildPhases = (
				F74920311EA20E51007D8B49 /* Sources */,
				F74920321EA20E51007D8B49 /* Frameworks */,
				F74920331EA20E51007D8B49 /* Resources */,
			);
			buildRules = (
			);
			dependencies = (
			);
			name = TableView;
			productName = TableView;
			productReference = F74920351EA20E51007D8B49 /* TableView.app */;
			productType = "com.apple.product-type.application";
		};
		F74920481EA20E51007D8B49 /* TableViewTests */ = {
			isa = PBXNativeTarget;
			buildConfigurationList = F74920601EA20E51007D8B49 /* Build configuration list for PBXNativeTarget "TableViewTests" */;
			buildPhases = (
				F74920451EA20E51007D8B49 /* Sources */,
				F74920461EA20E51007D8B49 /* Frameworks */,
				F74920471EA20E51007D8B49 /* Resources */,
			);
			buildRules = (
			);
			dependencies = (
				F749204B1EA20E51007D8B49 /* PBXTargetDependency */,
			);
			name = TableViewTests;
			productName = TableViewTests;
			productReference = F74920491EA20E51007D8B49 /* TableViewTests.xctest */;
			productType = "com.apple.product-type.bundle.unit-test";
		};
		F74920531EA20E51007D8B49 /* TableViewUITests */ = {
			isa = PBXNativeTarget;
			buildConfigurationList = F74920631EA20E51007D8B49 /* Build configuration list for PBXNativeTarget "TableViewUITests" */;
			buildPhases = (
				F74920501EA20E51007D8B49 /* Sources */,
				F74920511EA20E51007D8B49 /* Frameworks */,
				F74920521EA20E51007D8B49 /* Resources */,
			);
			buildRules = (
			);
			dependencies = (
				F74920561EA20E51007D8B49 /* PBXTargetDependency */,
			);
			name = TableViewUITests;
			productName = TableViewUITests;
			productReference = F74920541EA20E51007D8B49 /* TableViewUITests.xctest */;
			productType = "com.apple.product-type.bundle.ui-testing";
		};
/* End PBXNativeTarget section */

/* Begin PBXProject section */
		F749202D1EA20E51007D8B49 /* Project object */ = {
			isa = PBXProject;
			attributes = {
				LastSwiftUpdateCheck = 0830;
				LastUpgradeCheck = 0830;
				ORGANIZATIONNAME = Cntt03;
				TargetAttributes = {
					F74920341EA20E51007D8B49 = {
						CreatedOnToolsVersion = 8.3;
						ProvisioningStyle = Automatic;
					};
					F74920481EA20E51007D8B49 = {
						CreatedOnToolsVersion = 8.3;
						ProvisioningStyle = Automatic;
						TestTargetID = F74920341EA20E51007D8B49;
					};
					F74920531EA20E51007D8B49 = {
						CreatedOnToolsVersion = 8.3;
						ProvisioningStyle = Automatic;
						TestTargetID = F74920341EA20E51007D8B49;
					};
				};
			};
			buildConfigurationList = F74920301EA20E51007D8B49 /* Build configuration list for PBXProject "TableView" */;
			compatibilityVersion = "Xcode 3.2";
			developmentRegion = English;
			hasScannedForEncodings = 0;
			knownRegions = (
				en,
				Base,
			);
			mainGroup = F749202C1EA20E51007D8B49;
			productRefGroup = F74920361EA20E51007D8B49 /* Products */;
			projectDirPath = "";
			projectRoot = "";
			targets = (
				F74920341EA20E51007D8B49 /* TableView */,
				F74920481EA20E51007D8B49 /* TableViewTests */,
				F74920531EA20E51007D8B49 /* TableViewUITests */,
			);
		};
/* End PBXProject section */

/* Begin PBXResourcesBuildPhase section */
		F74920331EA20E51007D8B49 /* Resources */ = {
			isa = PBXResourcesBuildPhase;
			buildActionMask = 2147483647;
			files = (
				F74920431EA20E51007D8B49 /* LaunchScreen.storyboard in Resources */,
				F74920401EA20E51007D8B49 /* Assets.xcassets in Resources */,
				F749203E1EA20E51007D8B49 /* Main.storyboard in Resources */,
			);
			runOnlyForDeploymentPostprocessing = 0;
		};
		F74920471EA20E51007D8B49 /* Resources */ = {
			isa = PBXResourcesBuildPhase;
			buildActionMask = 2147483647;
			files = (
			);
			runOnlyForDeploymentPostprocessing = 0;
		};
		F74920521EA20E51007D8B49 /* Resources */ = {
			isa = PBXResourcesBuildPhase;
			buildActionMask = 2147483647;
			files = (
			);
			runOnlyForDeploymentPostprocessing = 0;
		};
/* End PBXResourcesBuildPhase section */

/* Begin PBXSourcesBuildPhase section */
		F74920311EA20E51007D8B49 /* Sources */ = {
			isa = PBXSourcesBuildPhase;
			buildActionMask = 2147483647;
			files = (
				F74920391EA20E51007D8B49 /* AppDelegate.swift in Sources */,
				F74920691EA212CA007D8B49 /* FruitViewController.swift in Sources */,
			);
			runOnlyForDeploymentPostprocessing = 0;
		};
		F74920451EA20E51007D8B49 /* Sources */ = {
			isa = PBXSourcesBuildPhase;
			buildActionMask = 2147483647;
			files = (
				F749204E1EA20E51007D8B49 /* TableViewTests.swift in Sources */,
			);
			runOnlyForDeploymentPostprocessing = 0;
		};
		F74920501EA20E51007D8B49 /* Sources */ = {
			isa = PBXSourcesBuildPhase;
			buildActionMask = 2147483647;
			files = (
				F74920591EA20E51007D8B49 /* TableViewUITests.swift in Sources */,
			);
			runOnlyForDeploymentPostprocessing = 0;
		};
/* End PBXSourcesBuildPhase section */

/* Begin PBXTargetDependency section */
		F749204B1EA20E51007D8B49 /* PBXTargetDependency */ = {
			isa = PBXTargetDependency;
			target = F74920341EA20E51007D8B49 /* TableView */;
			targetProxy = F749204A1EA20E51007D8B49 /* PBXContainerItemProxy */;
		};
		F74920561EA20E51007D8B49 /* PBXTargetDependency */ = {
			isa = PBXTargetDependency;
			target = F74920341EA20E51007D8B49 /* TableView */;
			targetProxy = F74920551EA20E51007D8B49 /* PBXContainerItemProxy */;
		};
/* End PBXTargetDependency section */

/* Begin PBXVariantGroup section */
		F749203C1EA20E51007D8B49 /* Main.storyboard */ = {
			isa = PBXVariantGroup;
			children = (
				F749203D1EA20E51007D8B49 /* Base */,
			);
			name = Main.storyboard;
			sourceTree = "<group>";
		};
		F74920411EA20E51007D8B49 /* LaunchScreen.storyboard */ = {
			isa = PBXVariantGroup;
			children = (
				F74920421EA20E51007D8B49 /* Base */,
			);
			name = LaunchScreen.storyboard;
			sourceTree = "<group>";
		};
/* End PBXVariantGroup section */

/* Begin XCBuildConfiguration section */
		F749205B1EA20E51007D8B49 /* Debug */ = {
			isa = XCBuildConfiguration;
			buildSettings = {
				ALWAYS_SEARCH_USER_PATHS = NO;
				CLANG_ANALYZER_NONNULL = YES;
				CLANG_ANALYZER_NUMBER_OBJECT_CONVERSION = YES_AGGRESSIVE;
				CLANG_CXX_LANGUAGE_STANDARD = "gnu++0x";
				CLANG_CXX_LIBRARY = "libc++";
				CLANG_ENABLE_MODULES = YES;
				CLANG_ENABLE_OBJC_ARC = YES;
				CLANG_WARN_BOOL_CONVERSION = YES;
				CLANG_WARN_CONSTANT_CONVERSION = YES;
				CLANG_WARN_DIRECT_OBJC_ISA_USAGE = YES_ERROR;
				CLANG_WARN_DOCUMENTATION_COMMENTS = YES;
				CLANG_WARN_EMPTY_BODY = YES;
				CLANG_WARN_ENUM_CONVERSION = YES;
				CLANG_WARN_INFINITE_RECURSION = YES;
				CLANG_WARN_INT_CONVERSION = YES;
				CLANG_WARN_OBJC_ROOT_CLASS = YES_ERROR;
				CLANG_WARN_SUSPICIOUS_MOVE = YES;
				CLANG_WARN_UNREACHABLE_CODE = YES;
				CLANG_WARN__DUPLICATE_METHOD_MATCH = YES;
				"CODE_SIGN_IDENTITY[sdk=iphoneos*]" = "iPhone Developer";
				COPY_PHASE_STRIP = NO;
				DEBUG_INFORMATION_FORMAT = dwarf;
				ENABLE_STRICT_OBJC_MSGSEND = YES;
				ENABLE_TESTABILITY = YES;
				GCC_C_LANGUAGE_STANDARD = gnu99;
				GCC_DYNAMIC_NO_PIC = NO;
				GCC_NO_COMMON_BLOCKS = YES;
				GCC_OPTIMIZATION_LEVEL = 0;
				GCC_PREPROCESSOR_DEFINITIONS = (
					"DEBUG=1",
					"$(inherited)",
				);
				GCC_WARN_64_TO_32_BIT_CONVERSION = YES;
				GCC_WARN_ABOUT_RETURN_TYPE = YES_ERROR;
				GCC_WARN_UNDECLARED_SELECTOR = YES;
				GCC_WARN_UNINITIALIZED_AUTOS = YES_AGGRESSIVE;
				GCC_WARN_UNUSED_FUNCTION = YES;
				GCC_WARN_UNUSED_VARIABLE = YES;
				IPHONEOS_DEPLOYMENT_TARGET = 10.3;
				MTL_ENABLE_DEBUG_INFO = YES;
				ONLY_ACTIVE_ARCH = YES;
				SDKROOT = iphoneos;
				SWIFT_ACTIVE_COMPILATION_CONDITIONS = DEBUG;
				SWIFT_OPTIMIZATION_LEVEL = "-Onone";
				TARGETED_DEVICE_FAMILY = "1,2";
			};
			name = Debug;
		};
		F749205C1EA20E51007D8B49 /* Release */ = {
			isa = XCBuildConfiguration;
			buildSettings = {
				ALWAYS_SEARCH_USER_PATHS = NO;
				CLANG_ANALYZER_NONNULL = YES;
				CLANG_ANALYZER_NUMBER_OBJECT_CONVERSION = YES_AGGRESSIVE;
				CLANG_CXX_LANGUAGE_STANDARD = "gnu++0x";
				CLANG_CXX_LIBRARY = "libc++";
				CLANG_ENABLE_MODULES = YES;
				CLANG_ENABLE_OBJC_ARC = YES;
				CLANG_WARN_BOOL_CONVERSION = YES;
				CLANG_WARN_CONSTANT_CONVERSION = YES;
				CLANG_WARN_DIRECT_OBJC_ISA_USAGE = YES_ERROR;
				CLANG_WARN_DOCUMENTATION_COMMENTS = YES;
				CLANG_WARN_EMPTY_BODY = YES;
				CLANG_WARN_ENUM_CONVERSION = YES;
				CLANG_WARN_INFINITE_RECURSION = YES;
				CLANG_WARN_INT_CONVERSION = YES;
				CLANG_WARN_OBJC_ROOT_CLASS = YES_ERROR;
				CLANG_WARN_SUSPICIOUS_MOVE = YES;
				CLANG_WARN_UNREACHABLE_CODE = YES;
				CLANG_WARN__DUPLICATE_METHOD_MATCH = YES;
				"CODE_SIGN_IDENTITY[sdk=iphoneos*]" = "iPhone Developer";
				COPY_PHASE_STRIP = NO;
				DEBUG_INFORMATION_FORMAT = "dwarf-with-dsym";
				ENABLE_NS_ASSERTIONS = NO;
				ENABLE_STRICT_OBJC_MSGSEND = YES;
				GCC_C_LANGUAGE_STANDARD = gnu99;
				GCC_NO_COMMON_BLOCKS = YES;
				GCC_WARN_64_TO_32_BIT_CONVERSION = YES;
				GCC_WARN_ABOUT_RETURN_TYPE = YES_ERROR;
				GCC_WARN_UNDECLARED_SELECTOR = YES;
				GCC_WARN_UNINITIALIZED_AUTOS = YES_AGGRESSIVE;
				GCC_WARN_UNUSED_FUNCTION = YES;
				GCC_WARN_UNUSED_VARIABLE = YES;
				IPHONEOS_DEPLOYMENT_TARGET = 10.3;
				MTL_ENABLE_DEBUG_INFO = NO;
				SDKROOT = iphoneos;
				SWIFT_OPTIMIZATION_LEVEL = "-Owholemodule";
				TARGETED_DEVICE_FAMILY = "1,2";
				VALIDATE_PRODUCT = YES;
			};
			name = Release;
		};
		F749205E1EA20E51007D8B49 /* Debug */ = {
			isa = XCBuildConfiguration;
			buildSettings = {
				ASSETCATALOG_COMPILER_APPICON_NAME = AppIcon;
				INFOPLIST_FILE = TableView/Info.plist;
				LD_RUNPATH_SEARCH_PATHS = "$(inherited) @executable_path/Frameworks";
				PRODUCT_BUNDLE_IDENTIFIER = itute.TableView;
				PRODUCT_NAME = "$(TARGET_NAME)";
				SWIFT_VERSION = 3.0;
			};
			name = Debug;
		};
		F749205F1EA20E51007D8B49 /* Release */ = {
			isa = XCBuildConfiguration;
			buildSettings = {
				ASSETCATALOG_COMPILER_APPICON_NAME = AppIcon;
				INFOPLIST_FILE = TableView/Info.plist;
				LD_RUNPATH_SEARCH_PATHS = "$(inherited) @executable_path/Frameworks";
				PRODUCT_BUNDLE_IDENTIFIER = itute.TableView;
				PRODUCT_NAME = "$(TARGET_NAME)";
				SWIFT_VERSION = 3.0;
			};
			name = Release;
		};
		F74920611EA20E51007D8B49 /* Debug */ = {
			isa = XCBuildConfiguration;
			buildSettings = {
				ALWAYS_EMBED_SWIFT_STANDARD_LIBRARIES = YES;
				BUNDLE_LOADER = "$(TEST_HOST)";
				INFOPLIST_FILE = TableViewTests/Info.plist;
				LD_RUNPATH_SEARCH_PATHS = "$(inherited) @executable_path/Frameworks @loader_path/Frameworks";
				PRODUCT_BUNDLE_IDENTIFIER = itute.TableViewTests;
				PRODUCT_NAME = "$(TARGET_NAME)";
				SWIFT_VERSION = 3.0;
				TEST_HOST = "$(BUILT_PRODUCTS_DIR)/TableView.app/TableView";
			};
			name = Debug;
		};
		F74920621EA20E51007D8B49 /* Release */ = {
			isa = XCBuildConfiguration;
			buildSettings = {
				ALWAYS_EMBED_SWIFT_STANDARD_LIBRARIES = YES;
				BUNDLE_LOADER = "$(TEST_HOST)";
				INFOPLIST_FILE = TableViewTests/Info.plist;
				LD_RUNPATH_SEARCH_PATHS = "$(inherited) @executable_path/Frameworks @loader_path/Frameworks";
				PRODUCT_BUNDLE_IDENTIFIER = itute.TableViewTests;
				PRODUCT_NAME = "$(TARGET_NAME)";
				SWIFT_VERSION = 3.0;
				TEST_HOST = "$(BUILT_PRODUCTS_DIR)/TableView.app/TableView";
			};
			name = Release;
		};
		F74920641EA20E51007D8B49 /* Debug */ = {
			isa = XCBuildConfiguration;
			buildSettings = {
				ALWAYS_EMBED_SWIFT_STANDARD_LIBRARIES = YES;
				INFOPLIST_FILE = TableViewUITests/Info.plist;
				LD_RUNPATH_SEARCH_PATHS = "$(inherited) @executable_path/Frameworks @loader_path/Frameworks";
				PRODUCT_BUNDLE_IDENTIFIER = itute.TableViewUITests;
				PRODUCT_NAME = "$(TARGET_NAME)";
				SWIFT_VERSION = 3.0;
				TEST_TARGET_NAME = TableView;
			};
			name = Debug;
		};
		F74920651EA20E51007D8B49 /* Release */ = {
			isa = XCBuildConfiguration;
			buildSettings = {
				ALWAYS_EMBED_SWIFT_STANDARD_LIBRARIES = YES;
				INFOPLIST_FILE = TableViewUITests/Info.plist;
				LD_RUNPATH_SEARCH_PATHS = "$(inherited) @executable_path/Frameworks @loader_path/Frameworks";
				PRODUCT_BUNDLE_IDENTIFIER = itute.TableViewUITests;
				PRODUCT_NAME = "$(TARGET_NAME)";
				SWIFT_VERSION = 3.0;
				TEST_TARGET_NAME = TableView;
			};
			name = Release;
		};
/* End XCBuildConfiguration section */

/* Begin XCConfigurationList section */
		F74920301EA20E51007D8B49 /* Build configuration list for PBXProject "TableView" */ = {
			isa = XCConfigurationList;
			buildConfigurations = (
				F749205B1EA20E51007D8B49 /* Debug */,
				F749205C1EA20E51007D8B49 /* Release */,
			);
			defaultConfigurationIsVisible = 0;
			defaultConfigurationName = Release;
		};
		F749205D1EA20E51007D8B49 /* Build configuration list for PBXNativeTarget "TableView" */ = {
			isa = XCConfigurationList;
			buildConfigurations = (
				F749205E1EA20E51007D8B49 /* Debug */,
				F749205F1EA20E51007D8B49 /* Release */,
			);
			defaultConfigurationIsVisible = 0;
		};
		F74920601EA20E51007D8B49 /* Build configuration list for PBXNativeTarget "TableViewTests" */ = {
			isa = XCConfigurationList;
			buildConfigurations = (
				F74920611EA20E51007D8B49 /* Debug */,
				F74920621EA20E51007D8B49 /* Release */,
			);
			defaultConfigurationIsVisible = 0;
		};
		F74920631EA20E51007D8B49 /* Build configuration list for PBXNativeTarget "TableViewUITests" */ = {
			isa = XCConfigurationList;
			buildConfigurations = (
				F74920641EA20E51007D8B49 /* Debug */,
				F74920651EA20E51007D8B49 /* Release */,
			);
			defaultConfigurationIsVisible = 0;
		};
/* End XCConfigurationList section */
	};
	rootObject = F749202D1EA20E51007D8B49 /* Project object */;
}
